
Microsoft Visual Studio Solution File, Format Version 12.00
# Visual Studio Version 17
VisualStudioVersion = 17.4.33122.133
MinimumVisualStudioVersion = 10.0.40219.1
Project("{FAE04EC0-301F-11D3-BF4B-00C04F79EFBC}") = "Flappy-BirdWinFormsApp", "Flappy-BirdWinFormsApp\Flappy-BirdWinFormsApp.csproj", "{B28BBB04-6FCB-4380-8328-86EEECCC5D88}"
EndProject
Global
	GlobalSection(SolutionConfigurationPlatforms) = preSolution
		Debug|Any CPU = Debug|Any CPU
		Release|Any CPU = Release|Any CPU
	EndGlobalSection
	GlobalSection(ProjectConfigurationPlatforms) = postSolution
		{B28BBB04-6FCB-4380-8328-86EEECCC5D88}.Debug|Any CPU.ActiveCfg = Debug|Any CPU
		{B28BBB04-6FCB-4380-8328-86EEECCC5D88}.Debug|Any CPU.Build.0 = Debug|Any CPU
		{B28BBB04-6FCB-4380-8328-86EEECCC5D88}.Release|Any CPU.ActiveCfg = Release|Any CPU
		{B28BBB04-6FCB-4380-8328-86EEECCC5D88}.Release|Any CPU.Build.0 = Release|Any CPU
	EndGlobalSection
	GlobalSection(SolutionProperties) = preSolution
		HideSolutionNode = FALSE
	EndGlobalSection
	GlobalSection(ExtensibilityGlobals) = postSolution
		SolutionGuid = {EDB72533-C3B0-4B59-8F92-2E9A215DADC0}
	EndGlobalSection
EndGlobal
